{
  "lockfile_version": "1",
  "packages": {
    "github:NixOS/nixpkgs/nixpkgs-unstable": {
      "last_modified": "2026-06-22T09:00:13Z",
      "resolved": "github:NixOS/nixpkgs/b3c092d3c36d91e2f61f3dfb39a159f180a56659?lastModified=1782118813&narHash=sha256-BnbXO5s5EhV89lLXMAGCzPdEN5a6vNqvMk71obeTEUw%3D"
    },
    "go@latest": {
      "last_modified": "2026-05-21T08:15:18Z",
      "resolved": "github:NixOS/nixpkgs/4a29d733e8a7d5b824c3d8c958a946a9867b3eb2#go",
      "source": "devbox-search",
      "version": "1.26.3",
      "systems": {
        "aarch64-darwin": {
          "outputs": [
            {
              "name": "out",
              "path": "/nix/store/7ycp8j45iay38g9mjaxmy4jhwdsrb47y-go-1.26.3",
              "default": true
            }
          ],
          "store_path": "/nix/store/7ycp8j45iay38g9mjaxmy4jhwdsrb47y-go-1.26.3"
        },
        "aarch64-linux": {
          "outputs": [
            {
              "name": "out",
              "path": "/nix/store/jkcwcbwvhgzmxg59798z4clmj4bfv42i-go-1.26.3",
              "default": true
            }
          ],
          "store_path": "/nix/store/jkcwcbwvhgzmxg59798z4clmj4bfv42i-go-1.26.3"
        },
        "x86_64-darwin": {
          "outputs": [
            {
              "name": "out",
              "path": "/nix/store/3f2jzvxmhhlarjqxy1p7i9r5l34siz29-go-1.26.3",
              "default": true
            }
          ],
          "store_path": "/nix/store/3f2jzvxmhhlarjqxy1p7i9r5l34siz29-go-1.26.3"
        },
        "x86_64-linux": {
          "outputs": [
            {
              "name": "out",
              "path": "/nix/store/33fw5m31lfcnk4ff2f0df7j2bxnh8lgk-go-1.26.3",
              "default": true
            }
          ],
          "store_path": "/nix/store/33fw5m31lfcnk4ff2f0df7j2bxnh8lgk-go-1.26.3"
        }
      }
    },
    "golangci-lint@latest": {
      "last_modified": "2026-05-21T08:15:18Z",
      "resolved": "github:NixOS/nixpkgs/4a29d733e8a7d5b824c3d8c958a946a9867b3eb2#golangci-lint",
      "source": "devbox-search",
      "version": "2.12.2",
      "systems": {
        "aarch64-darwin": {
          "outputs": [
            {
              "name": "out",
              "path": "/nix/store/paiggn2x6idsnhzn6ss6sdn87lvqadlf-golangci-lint-2.12.2",
              "default": true
            }
          ],
          "store_path": "/nix/store/paiggn2x6idsnhzn6ss6sdn87lvqadlf-golangci-lint-2.12.2"
        },
        "aarch64-linux": {
          "outputs": [
            {
              "name": "out",
              "path": "/nix/store/mxcfgfnl675mlqnm7v3zliq0y1wisw7i-golangci-lint-2.12.2",
              "default": true
            }
          ],
          "store_path": "/nix/store/mxcfgfnl675mlqnm7v3zliq0y1wisw7i-golangci-lint-2.12.2"
        },
        "x86_64-darwin": {
          "outputs": [
            {
              "name": "out",
              "path": "/nix/store/80gb4fz1fs06h9y8c7xb80yfz0zd3qaa-golangci-lint-2.12.2",
              "default": true
            }
          ],
          "store_path": "/nix/store/80gb4fz1fs06h9y8c7xb80yfz0zd3qaa-golangci-lint-2.12.2"
        },
        "x86_64-linux": {
          "outputs": [
            {
              "name": "out",
              "path": "/nix/store/x3ism4ihdsansi2y1ldhs78244pxv22w-golangci-lint-2.12.2",
              "default": true
            }
          ],
          "store_path": "/nix/store/x3ism4ihdsansi2y1ldhs78244pxv22w-golangci-lint-2.12.2"
        }
      }
    },
    "gopls@latest": {
      "last_modified": "2026-05-21T08:15:18Z",
      "resolved": "github:NixOS/nixpkgs/4a29d733e8a7d5b824c3d8c958a946a9867b3eb2#gopls",
      "source": "devbox-search",
      "version": "0.22.0",
      "systems": {
        "aarch64-darwin": {
          "outputs": [
            {
              "name": "out",
              "path": "/nix/store/kh5qjkc2nia7fjanfkb9l39k7wjr5z0p-gopls-0.22.0",
              "default": true
            }
          ],
          "store_path": "/nix/store/kh5qjkc2nia7fjanfkb9l39k7wjr5z0p-gopls-0.22.0"
        },
        "aarch64-linux": {
          "outputs": [
            {
              "name": "out",
              "path": "/nix/store/slx20ndx3asarpd5kykfwssa8bxspyny-gopls-0.22.0",
              "default": true
            }
          ],
          "store_path": "/nix/store/slx20ndx3asarpd5kykfwssa8bxspyny-gopls-0.22.0"
        },
        "x86_64-darwin": {
          "outputs": [
            {
              "name": "out",
              "path": "/nix/store/02pjl4mlqf9b8ynfpas5b63zdgn4y33i-gopls-0.22.0",
              "default": true
            }
          ],
          "store_path": "/nix/store/02pjl4mlqf9b8ynfpas5b63zdgn4y33i-gopls-0.22.0"
        },
        "x86_64-linux": {
          "outputs": [
            {
              "name": "out",
              "path": "/nix/store/2j2ic8l0xgarlckkmc6k7dh9v4j6ip3b-gopls-0.22.0",
              "default": true
            }
          ],
          "store_path": "/nix/store/2j2ic8l0xgarlckkmc6k7dh9v4j6ip3b-gopls-0.22.0"
        }
      }
    },
    "just@latest": {
      "last_modified": "2026-05-21T08:15:18Z",
      "resolved": "github:NixOS/nixpkgs/4a29d733e8a7d5b824c3d8c958a946a9867b3eb2#just",
      "source": "devbox-search",
      "version": "1.51.0",
      "systems": {
        "aarch64-darwin": {
          "outputs": [
            {
              "name": "out",
              "path": "/nix/store/18ml04rix1526kmcv5fcir6n7cb8lxyf-just-1.51.0",
              "default": true
            },
            {
              "name": "man",
              "path": "/nix/store/48iac05gjz4kjpx605hcgn95an8ary9q-just-1.51.0-man",
              "default": true
            },
            {
              "name": "doc",
              "path": "/nix/store/d0n7b7xd2miyja6m2nlzc2szj0gqzgxb-just-1.51.0-doc"
            }
          ],
          "store_path": "/nix/store/18ml04rix1526kmcv5fcir6n7cb8lxyf-just-1.51.0"
        },
        "aarch64-linux": {
          "outputs": [
            {
              "name": "out",
              "path": "/nix/store/6q8i59br2gzxnqax4dz3g1fmkwp2mfs2-just-1.51.0",
              "default": true
            },
            {
              "name": "man",
              "path": "/nix/store/8ygmlmpxmggc2wqbkz1yhf7fz5nwg084-just-1.51.0-man",
              "default": true
            },
            {
              "name": "doc",
              "path": "/nix/store/ppj3c78k6x3bql77f3mgrjjrxb2jjc0q-just-1.51.0-doc"
            }
          ],
          "store_path": "/nix/store/6q8i59br2gzxnqax4dz3g1fmkwp2mfs2-just-1.51.0"
        },
        "x86_64-darwin": {
          "outputs": [
            {
              "name": "out",
              "path": "/nix/store/7ppiil9ycr565vqgbc18x4rpgbfgcnzy-just-1.51.0",
              "default": true
            },
            {
              "name": "man",
              "path": "/nix/store/144wqvh3s441y05xvzn8m16rhcqbki7d-just-1.51.0-man",
              "default": true
            },
            {
              "name": "doc",
              "path": "/nix/store/x5g644hwbjdlij9w37gwgg1z1h4b6qqk-just-1.51.0-doc"
            }
          ],
          "store_path": "/nix/store/7ppiil9ycr565vqgbc18x4rpgbfgcnzy-just-1.51.0"
        },
        "x86_64-linux": {
          "outputs": [
            {
              "name": "out",
              "path": "/nix/store/3j32zmchv9wd60qng1mm04yj07wf04i8-just-1.51.0",
              "default": true
            },
            {
              "name": "man",
              "path": "/nix/store/p04vig0h2hj7hg5vgd74n5nphlcy23l8-just-1.51.0-man",
              "default": true
            },
            {
              "name": "doc",
              "path": "/nix/store/r800x8xppg70s00hw3h6x9cxpd6nh06y-just-1.51.0-doc"
            }
          ],
          "store_path": "/nix/store/3j32zmchv9wd60qng1mm04yj07wf04i8-just-1.51.0"
        }
      }
    },
    "nodejs@26": {
      "last_modified": "2026-06-01T17:55:45Z",
      "plugin_version": "0.0.4",
      "resolved": "github:NixOS/nixpkgs/4df1b885d76a54e1aa1a318f8d16fd6005b6401f#nodejs_26",
      "source": "devbox-search",
      "version": "26.3.0",
      "systems": {
        "aarch64-darwin": {
          "outputs": [
            {
              "name": "out",
              "path": "/nix/store/nfh1lwb8b42nn64wh8vwnjqpz2swr1vj-nodejs-26.3.0",
              "default": true
            }
          ],
          "store_path": "/nix/store/nfh1lwb8b42nn64wh8vwnjqpz2swr1vj-nodejs-26.3.0"
        },
        "aarch64-linux": {
          "outputs": [
            {
              "name": "out",
              "path": "/nix/store/f4mq152z1j84c7aj1h6w4gwa3mwvbk3z-nodejs-26.3.0",
              "default": true
            }
          ],
          "store_path": "/nix/store/f4mq152z1j84c7aj1h6w4gwa3mwvbk3z-nodejs-26.3.0"
        },
        "x86_64-darwin": {
          "outputs": [
            {
              "name": "out",
              "path": "/nix/store/24psmxnybpswr7r21vrdca2lji15rfjl-nodejs-26.3.0",
              "default": true
            }
          ],
          "store_path": "/nix/store/24psmxnybpswr7r21vrdca2lji15rfjl-nodejs-26.3.0"
        },
        "x86_64-linux": {
          "outputs": [
            {
              "name": "out",
              "path": "/nix/store/nk72hijagb0yc9rax5rr4gw8mpvmq7vw-nodejs-26.3.0",
              "default": true
            }
          ],
          "store_path": "/nix/store/nk72hijagb0yc9rax5rr4gw8mpvmq7vw-nodejs-26.3.0"
        }
      }
    },
    "pkg-config@latest": {
      "last_modified": "2025-11-23T21:50:36Z",
      "resolved": "github:NixOS/nixpkgs/ee09932cedcef15aaf476f9343d1dea2cb77e261#pkg-config",
      "source": "devbox-search",
      "version": "0.29.2",
      "systems": {
        "aarch64-darwin": {
          "outputs": [
            {
              "name": "out",
              "path": "/nix/store/hygaaqwk9ylklp0ybwppqhw75nz8ya41-pkg-config-wrapper-0.29.2",
              "default": true
            },
            {
              "name": "man",
              "path": "/nix/store/9px0sji43x3r2w4zxl3j3idwsql7lwxx-pkg-config-wrapper-0.29.2-man",
              "default": true
            },
            {
              "name": "doc",
              "path": "/nix/store/hqk44ra6qxw7iixardl6c3hdgb9kq6ns-pkg-config-wrapper-0.29.2-doc"
            }
          ],
          "store_path": "/nix/store/hygaaqwk9ylklp0ybwppqhw75nz8ya41-pkg-config-wrapper-0.29.2"
        },
        "aarch64-linux": {
          "outputs": [
            {
              "name": "out",
              "path": "/nix/store/lbiigi8qbp7mzf1lpr7p982l1kyf01ql-pkg-config-wrapper-0.29.2",
              "default": true
            },
            {
              "name": "man",
              "path": "/nix/store/10060k24qggqyzlwdsfmni9y32zxcg0j-pkg-config-wrapper-0.29.2-man",
              "default": true
            },
            {
              "name": "doc",
              "path": "/nix/store/0y4v51ndpyvkj09hwlfqkz0c3h17zfmc-pkg-config-wrapper-0.29.2-doc"
            }
          ],
          "store_path": "/nix/store/lbiigi8qbp7mzf1lpr7p982l1kyf01ql-pkg-config-wrapper-0.29.2"
        },
        "x86_64-darwin": {
          "outputs": [
            {
              "name": "out",
              "path": "/nix/store/vknadizq0q5kffvx6y4379p9gdry9zq3-pkg-config-wrapper-0.29.2",
              "default": true
            },
            {
              "name": "man",
              "path": "/nix/store/1nyspra675q22gfhf7hn2nmfpi6rgim5-pkg-config-wrapper-0.29.2-man",
              "default": true
            },
            {
              "name": "doc",
              "path": "/nix/store/7lq1axxwrafwljs06n88bzyz9w523rkc-pkg-config-wrapper-0.29.2-doc"
            }
          ],
          "store_path": "/nix/store/vknadizq0q5kffvx6y4379p9gdry9zq3-pkg-config-wrapper-0.29.2"
        },
        "x86_64-linux": {
          "outputs": [
            {
              "name": "out",
              "path": "/nix/store/8vdiwpbh0g4avsd6x5v4s0di32vcl3dp-pkg-config-wrapper-0.29.2",
              "default": true
            },
            {
              "name": "man",
              "path": "/nix/store/j9xfpnrygg3v37svc5pfin9q5bm49r94-pkg-config-wrapper-0.29.2-man",
              "default": true
            },
            {
              "name": "doc",
              "path": "/nix/store/x3bypxdxaq20kykybhkf21x4jczsiy8y-pkg-config-wrapper-0.29.2-doc"
            }
          ],
          "store_path": "/nix/store/8vdiwpbh0g4avsd6x5v4s0di32vcl3dp-pkg-config-wrapper-0.29.2"
        }
      }
    },
    "protobuf@latest": {
      "last_modified": "2026-05-21T08:15:18Z",
      "resolved": "github:NixOS/nixpkgs/4a29d733e8a7d5b824c3d8c958a946a9867b3eb2#protobuf",
      "source": "devbox-search",
      "version": "34.1",
      "systems": {
        "aarch64-darwin": {
          "outputs": [
            {
              "name": "out",
              "path": "/nix/store/bzm9cz6jc7qg5an67f5gdymlq5pkd1m8-protobuf-34.1",
              "default": true
            }
          ],
          "store_path": "/nix/store/bzm9cz6jc7qg5an67f5gdymlq5pkd1m8-protobuf-34.1"
        },
        "aarch64-linux": {
          "outputs": [
            {
              "name": "out",
              "path": "/nix/store/wbmzaakxkc6ykn0nms9zi1n3i9xlvrmg-protobuf-34.1",
              "default": true
            },
            {
              "name": "debug",
              "path": "/nix/store/03rgs7lvjnmrjrki2bhbdcjh3yb12h3z-protobuf-34.1-debug"
            }
          ],
          "store_path": "/nix/store/wbmzaakxkc6ykn0nms9zi1n3i9xlvrmg-protobuf-34.1"
        },
        "x86_64-darwin": {
          "outputs": [
            {
              "name": "out",
              "path": "/nix/store/g92nm6nd2rpxz5cb4kf8v78havfkfky8-protobuf-34.1",
              "default": true
            }
          ],
          "store_path": "/nix/store/g92nm6nd2rpxz5cb4kf8v78havfkfky8-protobuf-34.1"
        },
        "x86_64-linux": {
          "outputs": [
            {
              "name": "out",
              "path": "/nix/store/armsfbcsbzax7pnkim9cqgkx8n747n31-protobuf-34.1",
              "default": true
            },
            {
              "name": "debug",
              "path": "/nix/store/hjqp9qjjywsdsvf2sgs111rgs44vpnd4-protobuf-34.1-debug"
            }
          ],
          "store_path": "/nix/store/armsfbcsbzax7pnkim9cqgkx8n747n31-protobuf-34.1"
        }
      }
    },
    "webkitgtk_4_1@latest": {
      "last_modified": "2026-06-06T12:12:42Z",
      "resolved": "github:NixOS/nixpkgs/cbb5cf358f50aa6acc9efd6113b7bcfbc352cd73#webkitgtk_4_1",
      "source": "devbox-search",
      "version": "2.52.4+abi=4.1",
      "systems": {
        "aarch64-linux": {
          "outputs": [
            {
              "name": "out",
              "path": "/nix/store/j6qwswln42y8mxiy8ql5kbvfc2g8if5k-webkitgtk-2.52.4+abi=4.1",
              "default": true
            },
            {
              "name": "debug",
              "path": "/nix/store/qcygyvgxcfvyamfaga1gsh0jj7ka253y-webkitgtk-2.52.4+abi=4.1-debug"
            },
            {
              "name": "dev",
              "path": "/nix/store/cyfa3ck9pwr5dsinf8sswcgvqdhb7pzl-webkitgtk-2.52.4+abi=4.1-dev"
            },
            {
              "name": "devdoc",
              "path": "/nix/store/h8w25y0h4df01kx84gl6dgm0sb9nwbnp-webkitgtk-2.52.4+abi=4.1-devdoc"
            }
          ],
          "store_path": "/nix/store/j6qwswln42y8mxiy8ql5kbvfc2g8if5k-webkitgtk-2.52.4+abi=4.1"
        },
        "x86_64-linux": {
          "outputs": [
            {
              "name": "out",
              "path": "/nix/store/f9zsbigij2k503m6s2yqhw9pqyzhcd68-webkitgtk-2.52.4+abi=4.1",
              "default": true
            },
            {
              "name": "debug",
              "path": "/nix/store/f5180r8pdbr32jdkc9vz1761kjns605m-webkitgtk-2.52.4+abi=4.1-debug"
            },
            {
              "name": "dev",
              "path": "/nix/store/d09sj53a8nhvl5gb7w3qdwgrz022pppp-webkitgtk-2.52.4+abi=4.1-dev"
            },
            {
              "name": "devdoc",
              "path": "/nix/store/13c3rihnw090mghzjxi59qwig546v9h9-webkitgtk-2.52.4+abi=4.1-devdoc"
            }
          ],
          "store_path": "/nix/store/f9zsbigij2k503m6s2yqhw9pqyzhcd68-webkitgtk-2.52.4+abi=4.1"
        }
      }
    }
  }
}
